
Microsoft Visual Studio Solution File, Format Version 12.00
# Visual Studio Version 16
VisualStudioVersion = 16.0.33529.622
MinimumVisualStudioVersion = 10.0.40219.1
Project("{FAE04EC0-301F-11D3-BF4B-00C04F79EFBC}") = "Lab7Ex", "Lab7Ex\Lab7Ex.csproj", "{D1C03E47-A216-4D1C-B383-4849061BC5F1}"
EndProject
Global
	GlobalSection(SolutionConfigurationPlatforms) = preSolution
		Debug|Any CPU = Debug|Any CPU
		Release|Any CPU = Release|Any CPU
	EndGlobalSection
	GlobalSection(ProjectConfigurationPlatforms) = postSolution
		{D1C03E47-A216-4D1C-B383-4849061BC5F1}.Debug|Any CPU.ActiveCfg = Debug|Any CPU
		{D1C03E47-A216-4D1C-B383-4849061BC5F1}.Debug|Any CPU.Build.0 = Debug|Any CPU
		{D1C03E47-A216-4D1C-B383-4849061BC5F1}.Release|Any CPU.ActiveCfg = Release|Any CPU
		{D1C03E47-A216-4D1C-B383-4849061BC5F1}.Release|Any CPU.Build.0 = Release|Any CPU
	EndGlobalSection
	GlobalSection(SolutionProperties) = preSolution
		HideSolutionNode = FALSE
	EndGlobalSection
	GlobalSection(ExtensibilityGlobals) = postSolution
		SolutionGuid = {87A08827-AC10-4268-A7FB-C72EAD1551A3}
	EndGlobalSection
EndGlobal
